
Microsoft Visual Studio Solution File, Format Version 12.00
# Visual Studio Version 17
VisualStudioVersion = 17.0.32112.339
MinimumVisualStudioVersion = 10.0.40219.1
Project("{9A19103F-16F7-4668-BE54-9A1E7A4F7556}") = "Introduction", "Introduction\Introduction.csproj", "{33C91226-0E7B-4CCB-B3D1-7059B767807F}"
EndProject
Project("{9A19103F-16F7-4668-BE54-9A1E7A4F7556}") = "HP35", "HP35\HP35.csproj", "{5E8C0003-F032-496B-9BDB-7571DF2DF7C2}"
EndProject
Project("{9A19103F-16F7-4668-BE54-9A1E7A4F7556}") = "Searching", "SortedData\Searching.csproj", "{8779B684-C29A-4A64-BEE7-FDF3F143942A}"
EndProject
Project("{9A19103F-16F7-4668-BE54-9A1E7A4F7556}") = "Sorting", "Sorting\Sorting.csproj", "{D618770B-F187-4EA2-A4A9-984E25D503B9}"
EndProject
Project("{9A19103F-16F7-4668-BE54-9A1E7A4F7556}") = "Benchmark", "Benchmark\Benchmark.csproj", "{AE59FACB-C3DD-471A-8FAA-0763F7EAF4D2}"
EndProject
Project("{9A19103F-16F7-4668-BE54-9A1E7A4F7556}") = "LinkedList", "LinkedList\LinkedList.csproj", "{1264000C-7AA1-49DF-BF08-F1BF3E0A3835}"
EndProject
Project("{9A19103F-16F7-4668-BE54-9A1E7A4F7556}") = "DoubleLinkedList", "DoubleLinkedList\DoubleLinkedList.csproj", "{3CECF347-EF82-4162-AFE4-00F6EC75E3AA}"
EndProject
Project("{9A19103F-16F7-4668-BE54-9A1E7A4F7556}") = "Trees", "Trees\Trees.csproj", "{6918EA0F-7B2B-427E-9699-3732CD6FD975}"
EndProject
Project("{9A19103F-16F7-4668-BE54-9A1E7A4F7556}") = "QuickSort", "QuickSort\QuickSort.csproj", "{68241169-A9E3-47DE-87F4-D8C91DB3A542}"
EndProject
Project("{9A19103F-16F7-4668-BE54-9A1E7A4F7556}") = "Heap", "Heap\Heap.csproj", "{54DEE544-47C0-4B93-B468-2C9AB2E27E3E}"
EndProject
Project("{9A19103F-16F7-4668-BE54-9A1E7A4F7556}") = "Hash", "Hash\Hash.csproj", "{B6355708-C3FC-46BF-B570-6DE617306200}"
EndProject
Project("{FAE04EC0-301F-11D3-BF4B-00C04F79EFBC}") = "T9", "T9\T9.csproj", "{44E8A2D5-937B-426B-83EE-B61A54B7E1EB}"
EndProject
Global
	GlobalSection(SolutionConfigurationPlatforms) = preSolution
		Debug|Any CPU = Debug|Any CPU
		Release|Any CPU = Release|Any CPU
	EndGlobalSection
	GlobalSection(ProjectConfigurationPlatforms) = postSolution
		{33C91226-0E7B-4CCB-B3D1-7059B767807F}.Debug|Any CPU.ActiveCfg = Debug|Any CPU
		{33C91226-0E7B-4CCB-B3D1-7059B767807F}.Debug|Any CPU.Build.0 = Debug|Any CPU
		{33C91226-0E7B-4CCB-B3D1-7059B767807F}.Release|Any CPU.ActiveCfg = Release|Any CPU
		{33C91226-0E7B-4CCB-B3D1-7059B767807F}.Release|Any CPU.Build.0 = Release|Any CPU
		{5E8C0003-F032-496B-9BDB-7571DF2DF7C2}.Debug|Any CPU.ActiveCfg = Debug|Any CPU
		{5E8C0003-F032-496B-9BDB-7571DF2DF7C2}.Debug|Any CPU.Build.0 = Debug|Any CPU
		{5E8C0003-F032-496B-9BDB-7571DF2DF7C2}.Release|Any CPU.ActiveCfg = Release|Any CPU
		{5E8C0003-F032-496B-9BDB-7571DF2DF7C2}.Release|Any CPU.Build.0 = Release|Any CPU
		{8779B684-C29A-4A64-BEE7-FDF3F143942A}.Debug|Any CPU.ActiveCfg = Debug|Any CPU
		{8779B684-C29A-4A64-BEE7-FDF3F143942A}.Debug|Any CPU.Build.0 = Debug|Any CPU
		{8779B684-C29A-4A64-BEE7-FDF3F143942A}.Release|Any CPU.ActiveCfg = Release|Any CPU
		{8779B684-C29A-4A64-BEE7-FDF3F143942A}.Release|Any CPU.Build.0 = Release|Any CPU
		{D618770B-F187-4EA2-A4A9-984E25D503B9}.Debug|Any CPU.ActiveCfg = Debug|Any CPU
		{D618770B-F187-4EA2-A4A9-984E25D503B9}.Debug|Any CPU.Build.0 = Debug|Any CPU
		{D618770B-F187-4EA2-A4A9-984E25D503B9}.Release|Any CPU.ActiveCfg = Release|Any CPU
		{D618770B-F187-4EA2-A4A9-984E25D503B9}.Release|Any CPU.Build.0 = Release|Any CPU
		{AE59FACB-C3DD-471A-8FAA-0763F7EAF4D2}.Debug|Any CPU.ActiveCfg = Debug|Any CPU
		{AE59FACB-C3DD-471A-8FAA-0763F7EAF4D2}.Debug|Any CPU.Build.0 = Debug|Any CPU
		{AE59FACB-C3DD-471A-8FAA-0763F7EAF4D2}.Release|Any CPU.ActiveCfg = Release|Any CPU
		{AE59FACB-C3DD-471A-8FAA-0763F7EAF4D2}.Release|Any CPU.Build.0 = Release|Any CPU
		{1264000C-7AA1-49DF-BF08-F1BF3E0A3835}.Debug|Any CPU.ActiveCfg = Debug|Any CPU
		{1264000C-7AA1-49DF-BF08-F1BF3E0A3835}.Debug|Any CPU.Build.0 = Debug|Any CPU
		{1264000C-7AA1-49DF-BF08-F1BF3E0A3835}.Release|Any CPU.ActiveCfg = Release|Any CPU
		{1264000C-7AA1-49DF-BF08-F1BF3E0A3835}.Release|Any CPU.Build.0 = Release|Any CPU
		{3CECF347-EF82-4162-AFE4-00F6EC75E3AA}.Debug|Any CPU.ActiveCfg = Debug|Any CPU
		{3CECF347-EF82-4162-AFE4-00F6EC75E3AA}.Debug|Any CPU.Build.0 = Debug|Any CPU
		{3CECF347-EF82-4162-AFE4-00F6EC75E3AA}.Release|Any CPU.ActiveCfg = Release|Any CPU
		{3CECF347-EF82-4162-AFE4-00F6EC75E3AA}.Release|Any CPU.Build.0 = Release|Any CPU
		{6918EA0F-7B2B-427E-9699-3732CD6FD975}.Debug|Any CPU.ActiveCfg = Debug|Any CPU
		{6918EA0F-7B2B-427E-9699-3732CD6FD975}.Debug|Any CPU.Build.0 = Debug|Any CPU
		{6918EA0F-7B2B-427E-9699-3732CD6FD975}.Release|Any CPU.ActiveCfg = Release|Any CPU
		{6918EA0F-7B2B-427E-9699-3732CD6FD975}.Release|Any CPU.Build.0 = Release|Any CPU
		{68241169-A9E3-47DE-87F4-D8C91DB3A542}.Debug|Any CPU.ActiveCfg = Debug|Any CPU
		{68241169-A9E3-47DE-87F4-D8C91DB3A542}.Debug|Any CPU.Build.0 = Debug|Any CPU
		{68241169-A9E3-47DE-87F4-D8C91DB3A542}.Release|Any CPU.ActiveCfg = Release|Any CPU
		{68241169-A9E3-47DE-87F4-D8C91DB3A542}.Release|Any CPU.Build.0 = Release|Any CPU
		{54DEE544-47C0-4B93-B468-2C9AB2E27E3E}.Debug|Any CPU.ActiveCfg = Debug|Any CPU
		{54DEE544-47C0-4B93-B468-2C9AB2E27E3E}.Debug|Any CPU.Build.0 = Debug|Any CPU
		{54DEE544-47C0-4B93-B468-2C9AB2E27E3E}.Release|Any CPU.ActiveCfg = Release|Any CPU
		{54DEE544-47C0-4B93-B468-2C9AB2E27E3E}.Release|Any CPU.Build.0 = Release|Any CPU
		{B6355708-C3FC-46BF-B570-6DE617306200}.Debug|Any CPU.ActiveCfg = Debug|Any CPU
		{B6355708-C3FC-46BF-B570-6DE617306200}.Debug|Any CPU.Build.0 = Debug|Any CPU
		{B6355708-C3FC-46BF-B570-6DE617306200}.Release|Any CPU.ActiveCfg = Release|Any CPU
		{B6355708-C3FC-46BF-B570-6DE617306200}.Release|Any CPU.Build.0 = Release|Any CPU
		{44E8A2D5-937B-426B-83EE-B61A54B7E1EB}.Debug|Any CPU.ActiveCfg = Debug|Any CPU
		{44E8A2D5-937B-426B-83EE-B61A54B7E1EB}.Debug|Any CPU.Build.0 = Debug|Any CPU
		{44E8A2D5-937B-426B-83EE-B61A54B7E1EB}.Release|Any CPU.ActiveCfg = Release|Any CPU
		{44E8A2D5-937B-426B-83EE-B61A54B7E1EB}.Release|Any CPU.Build.0 = Release|Any CPU
	EndGlobalSection
	GlobalSection(SolutionProperties) = preSolution
		HideSolutionNode = FALSE
	EndGlobalSection
	GlobalSection(ExtensibilityGlobals) = postSolution
		SolutionGuid = {3286D39F-6AF9-422D-88E8-F265A1C600F0}
	EndGlobalSection
EndGlobal
